dependencies:
- name: aggregator
  repository: ""
  version: 0.1.0
- name: backend
  repository: ""
  version: 0.1.0
- name: frontrow
  repository: ""
  version: 0.1.0
- name: iso-master
  repository: ""
  version: 0.1.0
- name: keycloak
  repository: ""
  version: 0.1.0
- name: mysql
  repository: ""
  version: 0.1.0
- name: redis
  repository: ""
  version: 0.1.0
- name: rf-scan
  repository: ""
  version: 0.1.0
- name: rfapi
  repository: ""
  version: 0.1.0
- name: rfpubsub
  repository: ""
  version: 0.1.0
- name: rfvdb
  repository: ""
  version: 0.1.0
- name: runner
  repository: ""
  version: 0.1.0
- name: gluon
  repository: oci://registry.dso.mil/platform-one/big-bang/apps/library-charts/gluon
  version: 0.2.9
digest: sha256:7ba88553556d5fdcadee7f76b761aef46385332c9d6f353da085ef76952de8db
generated: "2022-04-11T14:53:27.989160504-05:00"
