dependencies:
- name: aggregator
  repository: ""
  version: 1.1.0
- name: backend
  repository: ""
  version: 1.1.0
- name: fluent-bit
  repository: ""
  version: 1.1.0
- name: frontrow
  repository: ""
  version: 1.1.0
- name: iso-master
  repository: ""
  version: 1.1.0
- name: keycloak
  repository: ""
  version: 1.1.0
- name: mysql
  repository: ""
  version: 8.9.0
- name: redis
  repository: ""
  version: 1.1.0
- name: rf-scan
  repository: ""
  version: 1.1.0
- name: rfapi
  repository: ""
  version: 1.1.0
- name: rfpubsub
  repository: ""
  version: 1.1.0
- name: runner
  repository: ""
  version: 1.1.0
- name: gluon
  repository: oci://registry.dso.mil/platform-one/big-bang/apps/library-charts/gluon
  version: 0.2.9
digest: sha256:02ddf306866b8c280758eaf7068b11356b252ede8d9a8d7abd7680976105e44c
generated: "2022-05-02T10:26:57.886775105-05:00"
