dependencies:
- name: aggregator
  repository: ""
  version: 0.1.0
- name: backend
  repository: ""
  version: 0.1.0
- name: frontrow
  repository: ""
  version: 0.1.0
- name: iso-master
  repository: ""
  version: 0.1.0
- name: keycloak
  repository: ""
  version: 0.1.0
- name: redis
  repository: ""
  version: 0.1.0
- name: rfapi
  repository: ""
  version: 0.1.0
- name: rfpubsub
  repository: ""
  version: 0.1.0
- name: rfvdb
  repository: ""
  version: 0.1.0
- name: runner
  repository: ""
  version: 0.1.0
digest: sha256:f521bc1517be3da658a1a9e8cdd527ad180a0db168e5d3e3ebe61fb06b285a24
generated: "2022-03-29T10:51:01.111833661-05:00"
